
Microsoft Visual Studio Solution File, Format Version 12.00
# Visual Studio Version 17
VisualStudioVersion = 17.4.33213.308
MinimumVisualStudioVersion = 10.0.40219.1
Project("{FAE04EC0-301F-11D3-BF4B-00C04F79EFBC}") = "prac4", "prac4\prac4.csproj", "{6C3CB8D3-69A6-470C-8E00-A873EC6B7F20}"
EndProject
Global
	GlobalSection(SolutionConfigurationPlatforms) = preSolution
		Debug|Any CPU = Debug|Any CPU
		Release|Any CPU = Release|Any CPU
	EndGlobalSection
	GlobalSection(ProjectConfigurationPlatforms) = postSolution
		{6C3CB8D3-69A6-470C-8E00-A873EC6B7F20}.Debug|Any CPU.ActiveCfg = Debug|Any CPU
		{6C3CB8D3-69A6-470C-8E00-A873EC6B7F20}.Debug|Any CPU.Build.0 = Debug|Any CPU
		{6C3CB8D3-69A6-470C-8E00-A873EC6B7F20}.Release|Any CPU.ActiveCfg = Release|Any CPU
		{6C3CB8D3-69A6-470C-8E00-A873EC6B7F20}.Release|Any CPU.Build.0 = Release|Any CPU
	EndGlobalSection
	GlobalSection(SolutionProperties) = preSolution
		HideSolutionNode = FALSE
	EndGlobalSection
	GlobalSection(ExtensibilityGlobals) = postSolution
		SolutionGuid = {B8D80E32-B90F-4A9F-9D73-16C4360BF947}
	EndGlobalSection
EndGlobal
